
Microsoft Visual Studio Solution File, Format Version 12.00
# Visual Studio Version 17
VisualStudioVersion = 17.3.32929.385
MinimumVisualStudioVersion = 10.0.40219.1
Project("{9A19103F-16F7-4668-BE54-9A1E7A4F7556}") = "LearnAlgorithm", "LearnAlgorithm\LearnAlgorithm.csproj", "{51F80514-8DC4-4409-B440-6EE71448E598}"
EndProject
Project("{9A19103F-16F7-4668-BE54-9A1E7A4F7556}") = "LearnAlgorithm.Library", "LearnAlgorithm.Library\LearnAlgorithm.Library.csproj", "{4060CA44-1242-4AC3-BAA6-2763CEC181FD}"
EndProject
Project("{2150E333-8FDC-42A3-9474-1A3956D46DE8}") = "Solution Items", "Solution Items", "{EB2DB167-0B2E-469B-B076-C1DC7E47BF67}"
	ProjectSection(SolutionItems) = preProject
		.editorconfig = .editorconfig
	EndProjectSection
EndProject
Global
	GlobalSection(SolutionConfigurationPlatforms) = preSolution
		Debug|Any CPU = Debug|Any CPU
		Release|Any CPU = Release|Any CPU
	EndGlobalSection
	GlobalSection(ProjectConfigurationPlatforms) = postSolution
		{51F80514-8DC4-4409-B440-6EE71448E598}.Debug|Any CPU.ActiveCfg = Debug|Any CPU
		{51F80514-8DC4-4409-B440-6EE71448E598}.Debug|Any CPU.Build.0 = Debug|Any CPU
		{51F80514-8DC4-4409-B440-6EE71448E598}.Release|Any CPU.ActiveCfg = Release|Any CPU
		{51F80514-8DC4-4409-B440-6EE71448E598}.Release|Any CPU.Build.0 = Release|Any CPU
		{4060CA44-1242-4AC3-BAA6-2763CEC181FD}.Debug|Any CPU.ActiveCfg = Debug|Any CPU
		{4060CA44-1242-4AC3-BAA6-2763CEC181FD}.Debug|Any CPU.Build.0 = Debug|Any CPU
		{4060CA44-1242-4AC3-BAA6-2763CEC181FD}.Release|Any CPU.ActiveCfg = Release|Any CPU
		{4060CA44-1242-4AC3-BAA6-2763CEC181FD}.Release|Any CPU.Build.0 = Release|Any CPU
	EndGlobalSection
	GlobalSection(SolutionProperties) = preSolution
		HideSolutionNode = FALSE
	EndGlobalSection
	GlobalSection(ExtensibilityGlobals) = postSolution
		SolutionGuid = {DF114956-336B-4738-8F31-524885B960C3}
	EndGlobalSection
EndGlobal
